
Microsoft Visual Studio Solution File, Format Version 12.00
# Visual Studio Version 17
VisualStudioVersion = 17.9.34607.119
MinimumVisualStudioVersion = 10.0.40219.1
Project("{FAE04EC0-301F-11D3-BF4B-00C04F79EFBC}") = "ToDoList", "ToDoList\ToDoList.csproj", "{8566F190-3008-4E2B-AAC4-FC97AACE7F73}"
EndProject
Global
	GlobalSection(SolutionConfigurationPlatforms) = preSolution
		Debug|Any CPU = Debug|Any CPU
		Release|Any CPU = Release|Any CPU
	EndGlobalSection
	GlobalSection(ProjectConfigurationPlatforms) = postSolution
		{8566F190-3008-4E2B-AAC4-FC97AACE7F73}.Debug|Any CPU.ActiveCfg = Debug|Any CPU
		{8566F190-3008-4E2B-AAC4-FC97AACE7F73}.Debug|Any CPU.Build.0 = Debug|Any CPU
		{8566F190-3008-4E2B-AAC4-FC97AACE7F73}.Release|Any CPU.ActiveCfg = Release|Any CPU
		{8566F190-3008-4E2B-AAC4-FC97AACE7F73}.Release|Any CPU.Build.0 = Release|Any CPU
	EndGlobalSection
	GlobalSection(SolutionProperties) = preSolution
		HideSolutionNode = FALSE
	EndGlobalSection
	GlobalSection(ExtensibilityGlobals) = postSolution
		SolutionGuid = {018A793E-A141-48A9-A47A-B87D50C160CE}
	EndGlobalSection
EndGlobal
